
Microsoft Visual Studio Solution File, Format Version 12.00
# Visual Studio 14
VisualStudioVersion = 14.0.25420.1
MinimumVisualStudioVersion = 10.0.40219.1
Project("{2150E333-8FDC-42A3-9474-1A3956D46DE8}") = "src", "src", "{6AABA786-6F8B-4C3B-A910-608273D989C0}"
EndProject
Project("{2150E333-8FDC-42A3-9474-1A3956D46DE8}") = "Solution Items", "Solution Items", "{9AA07FBD-1F88-45A0-B406-93E10924A2AD}"
	ProjectSection(SolutionItems) = preProject
		global.json = global.json
	EndProjectSection
EndProject
Project("{8BB2217D-0F2D-49D1-97BC-3654ED321F3B}") = "AntFlightCore", "src\AntFlightCore\AntFlightCore.xproj", "{4D3BE9CE-89D5-47ED-B811-DABA90EF80FB}"
EndProject
Project("{8BB2217D-0F2D-49D1-97BC-3654ED321F3B}") = "AntFlight", "src\AntFlight\AntFlight.xproj", "{BF5CE75D-3EC8-4347-AE0C-2C92BCCF77FF}"
EndProject
Global
	GlobalSection(SolutionConfigurationPlatforms) = preSolution
		Debug|Any CPU = Debug|Any CPU
		Release|Any CPU = Release|Any CPU
	EndGlobalSection
	GlobalSection(ProjectConfigurationPlatforms) = postSolution
		{4D3BE9CE-89D5-47ED-B811-DABA90EF80FB}.Debug|Any CPU.ActiveCfg = Debug|Any CPU
		{4D3BE9CE-89D5-47ED-B811-DABA90EF80FB}.Debug|Any CPU.Build.0 = Debug|Any CPU
		{4D3BE9CE-89D5-47ED-B811-DABA90EF80FB}.Release|Any CPU.ActiveCfg = Release|Any CPU
		{4D3BE9CE-89D5-47ED-B811-DABA90EF80FB}.Release|Any CPU.Build.0 = Release|Any CPU
		{BF5CE75D-3EC8-4347-AE0C-2C92BCCF77FF}.Debug|Any CPU.ActiveCfg = Debug|Any CPU
		{BF5CE75D-3EC8-4347-AE0C-2C92BCCF77FF}.Debug|Any CPU.Build.0 = Debug|Any CPU
		{BF5CE75D-3EC8-4347-AE0C-2C92BCCF77FF}.Release|Any CPU.ActiveCfg = Release|Any CPU
		{BF5CE75D-3EC8-4347-AE0C-2C92BCCF77FF}.Release|Any CPU.Build.0 = Release|Any CPU
	EndGlobalSection
	GlobalSection(SolutionProperties) = preSolution
		HideSolutionNode = FALSE
	EndGlobalSection
	GlobalSection(NestedProjects) = preSolution
		{4D3BE9CE-89D5-47ED-B811-DABA90EF80FB} = {6AABA786-6F8B-4C3B-A910-608273D989C0}
		{BF5CE75D-3EC8-4347-AE0C-2C92BCCF77FF} = {6AABA786-6F8B-4C3B-A910-608273D989C0}
	EndGlobalSection
EndGlobal
